
Microsoft Visual Studio Solution File, Format Version 12.00
# Visual Studio 15
VisualStudioVersion = 15.0.28010.2041
MinimumVisualStudioVersion = 10.0.40219.1
Project("{FAE04EC0-301F-11D3-BF4B-00C04F79EFBC}") = "MvcApp3", "MvcApp3\MvcApp3.csproj", "{21275BEE-E343-4E21-AD4B-FD3610E4104D}"
EndProject
Global
	GlobalSection(SolutionConfigurationPlatforms) = preSolution
		Debug|Any CPU = Debug|Any CPU
		Release|Any CPU = Release|Any CPU
	EndGlobalSection
	GlobalSection(ProjectConfigurationPlatforms) = postSolution
		{21275BEE-E343-4E21-AD4B-FD3610E4104D}.Debug|Any CPU.ActiveCfg = Debug|Any CPU
		{21275BEE-E343-4E21-AD4B-FD3610E4104D}.Debug|Any CPU.Build.0 = Debug|Any CPU
		{21275BEE-E343-4E21-AD4B-FD3610E4104D}.Release|Any CPU.ActiveCfg = Release|Any CPU
		{21275BEE-E343-4E21-AD4B-FD3610E4104D}.Release|Any CPU.Build.0 = Release|Any CPU
	EndGlobalSection
	GlobalSection(SolutionProperties) = preSolution
		HideSolutionNode = FALSE
	EndGlobalSection
	GlobalSection(ExtensibilityGlobals) = postSolution
		SolutionGuid = {DC44B613-63B0-4A21-9422-8CF8D1EE064C}
	EndGlobalSection
EndGlobal
